<Solution>
  <Folder Name="/src/">
    <Project Path="src/WinUia.NUnit/WinUia.NUnit.csproj" />
    <Project Path="src/WinUia/WinUia.csproj" />
    <Project Path="src/WinUia.Core/WinUia.Core.csproj" />
    <Project Path="src/WinUia.Input/WinUia.Input.csproj" />
  </Folder>
  <Folder Name="/tests/">
    <Project Path="tests/WinUia.UnitTests/WinUia.UnitTests.csproj" />
    <Project Path="tests/WinUia.IntegrationTests/WinUia.IntegrationTests.csproj" />
    <Project Path="tests/WinUia.UiTests/WinUia.UiTests.csproj" />
    <Project Path="tests/WinUia.Core.UnitTests/WinUia.Core.UnitTests.csproj" />
    <Project Path="tests/WinUia.Core.IntegrationTests/WinUia.Core.IntegrationTests.csproj" />
    <Project Path="tests/WinUia.Core.UiTests/WinUia.Core.UiTests.csproj" />
    <Project Path="tests/WinUia.Input.UnitTests/WinUia.Input.UnitTests.csproj" />
    <Project Path="tests/WinUia.Input.IntegrationTests/WinUia.Input.IntegrationTests.csproj" />
    <Project Path="tests/WinUia.Input.UiTests/WinUia.Input.UiTests.csproj" />
    <Project Path="tests/WinUia.NUnit.UnitTests/WinUia.NUnit.UnitTests.csproj" />
    <Project Path="tests/WinUia.NUnit.IntegrationTests/WinUia.NUnit.IntegrationTests.csproj" />
    <Project Path="tests/WinUia.NUnit.UiTests/WinUia.NUnit.UiTests.csproj" />
    <Project Path="tests/WinUia.TestApp/WinUia.TestApp.csproj" />
    <Project Path="tests/WinUia.Testing.Shared/WinUia.Testing.Shared.csproj" />
  </Folder>
  <Folder Name="/examples/">
    <Project Path="examples/WinUia.Examples.Winforms.UiTests/WinUia.Examples.Winforms.UiTests.csproj" />
    <Project Path="examples/WinUia.Examples.Winforms/WinUia.Examples.Winforms.csproj" />
  </Folder>
</Solution>
